
Microsoft Visual Studio Solution File, Format Version 12.00
# Visual Studio Version 17
VisualStudioVersion = 17.1.32407.343
MinimumVisualStudioVersion = 10.0.40219.1
Project("{FAE04EC0-301F-11D3-BF4B-00C04F79EFBC}") = "movies_api", "movies_api\movies_api.csproj", "{3E772341-083A-4168-A664-CCC893510204}"
EndProject
Global
	GlobalSection(SolutionConfigurationPlatforms) = preSolution
		Debug|Any CPU = Debug|Any CPU
		Release|Any CPU = Release|Any CPU
	EndGlobalSection
	GlobalSection(ProjectConfigurationPlatforms) = postSolution
		{3E772341-083A-4168-A664-CCC893510204}.Debug|Any CPU.ActiveCfg = Debug|Any CPU
		{3E772341-083A-4168-A664-CCC893510204}.Debug|Any CPU.Build.0 = Debug|Any CPU
		{3E772341-083A-4168-A664-CCC893510204}.Release|Any CPU.ActiveCfg = Release|Any CPU
		{3E772341-083A-4168-A664-CCC893510204}.Release|Any CPU.Build.0 = Release|Any CPU
	EndGlobalSection
	GlobalSection(SolutionProperties) = preSolution
		HideSolutionNode = FALSE
	EndGlobalSection
	GlobalSection(ExtensibilityGlobals) = postSolution
		SolutionGuid = {DF542812-D4F5-4E3D-ACC1-A6C8C5B957FE}
	EndGlobalSection
EndGlobal
